// !$*UTF8*$!
{
	archiveVersion = 1;
	classes = {
	};
	objectVersion = 55;
	objects = {

/* Begin PBXBuildFile section */
		DDA129572940BB9C0012C0E8 /* resortss.json in Resources */ = {isa = PBXBuildFile; fileRef = DDA129562940BB9C0012C0E8 /* resortss.json */; };
		DDA129592940CBEC0012C0E8 /* Welcome.swift in Sources */ = {isa = PBXBuildFile; fileRef = DDA129582940CBEC0012C0E8 /* Welcome.swift */; };
		DDA1295B2940D0DC0012C0E8 /* ResortView.swift in Sources */ = {isa = PBXBuildFile; fileRef = DDA1295A2940D0DC0012C0E8 /* ResortView.swift */; };
		DDA1295D2940D30B0012C0E8 /* SkiDetailsView.swift in Sources */ = {isa = PBXBuildFile; fileRef = DDA1295C2940D30B0012C0E8 /* SkiDetailsView.swift */; };
		DDA1295F2940D4B70012C0E8 /* ResortDetailsView.swift in Sources */ = {isa = PBXBuildFile; fileRef = DDA1295E2940D4B70012C0E8 /* ResortDetailsView.swift */; };
		DDB9644C2941B3D000E32C21 /* Facility.swift in Sources */ = {isa = PBXBuildFile; fileRef = DDB9644B2941B3D000E32C21 /* Facility.swift */; };
		DDB9644E2941B42F00E32C21 /* Favorites.swift in Sources */ = {isa = PBXBuildFile; fileRef = DDB9644D2941B42F00E32C21 /* Favorites.swift */; };
		DDE9B23E294075EF00288F0F /* SnowSeekerApp.swift in Sources */ = {isa = PBXBuildFile; fileRef = DDE9B23D294075EF00288F0F /* SnowSeekerApp.swift */; };
		DDE9B240294075EF00288F0F /* ContentView.swift in Sources */ = {isa = PBXBuildFile; fileRef = DDE9B23F294075EF00288F0F /* ContentView.swift */; };
		DDE9B242294075F000288F0F /* Assets.xcassets in Resources */ = {isa = PBXBuildFile; fileRef = DDE9B241294075F000288F0F /* Assets.xcassets */; };
		DDE9B245294075F000288F0F /* Preview Assets.xcassets in Resources */ = {isa = PBXBuildFile; fileRef = DDE9B244294075F000288F0F /* Preview Assets.xcassets */; };
		DDE9B24C2940764300288F0F /* Project description in Resources */ = {isa = PBXBuildFile; fileRef = DDE9B24B2940764300288F0F /* Project description */; };
		DDE9B25329409B4000288F0F /* Resort.swift in Sources */ = {isa = PBXBuildFile; fileRef = DDE9B25229409B4000288F0F /* Resort.swift */; };
		DDE9B25529409C3F00288F0F /* Bundle-Decodable.swift in Sources */ = {isa = PBXBuildFile; fileRef = DDE9B25429409C3F00288F0F /* Bundle-Decodable.swift */; };
/* End PBXBuildFile section */

/* Begin PBXFileReference section */
		DDA129552940BA650012C0E8 /* Info.plist */ = {isa = PBXFileReference; lastKnownFileType = text.plist; path = Info.plist; sourceTree = "<group>"; };
		DDA129562940BB9C0012C0E8 /* resortss.json */ = {isa = PBXFileReference; lastKnownFileType = text.json; path = resortss.json; sourceTree = "<group>"; };
		DDA129582940CBEC0012C0E8 /* Welcome.swift */ = {isa = PBXFileReference; lastKnownFileType = sourcecode.swift; path = Welcome.swift; sourceTree = "<group>"; };
		DDA1295A2940D0DC0012C0E8 /* ResortView.swift */ = {isa = PBXFileReference; lastKnownFileType = sourcecode.swift; path = ResortView.swift; sourceTree = "<group>"; };
		DDA1295C2940D30B0012C0E8 /* SkiDetailsView.swift */ = {isa = PBXFileReference; lastKnownFileType = sourcecode.swift; path = SkiDetailsView.swift; sourceTree = "<group>"; };
		DDA1295E2940D4B70012C0E8 /* ResortDetailsView.swift */ = {isa = PBXFileReference; lastKnownFileType = sourcecode.swift; path = ResortDetailsView.swift; sourceTree = "<group>"; };
		DDB9644B2941B3D000E32C21 /* Facility.swift */ = {isa = PBXFileReference; lastKnownFileType = sourcecode.swift; path = Facility.swift; sourceTree = "<group>"; };
		DDB9644D2941B42F00E32C21 /* Favorites.swift */ = {isa = PBXFileReference; lastKnownFileType = sourcecode.swift; path = Favorites.swift; sourceTree = "<group>"; };
		DDE9B23A294075EF00288F0F /* SnowSeeker.app */ = {isa = PBXFileReference; explicitFileType = wrapper.application; includeInIndex = 0; path = SnowSeeker.app; sourceTree = BUILT_PRODUCTS_DIR; };
		DDE9B23D294075EF00288F0F /* SnowSeekerApp.swift */ = {isa = PBXFileReference; lastKnownFileType = sourcecode.swift; path = SnowSeekerApp.swift; sourceTree = "<group>"; };
		DDE9B23F294075EF00288F0F /* ContentView.swift */ = {isa = PBXFileReference; lastKnownFileType = sourcecode.swift; path = ContentView.swift; sourceTree = "<group>"; };
		DDE9B241294075F000288F0F /* Assets.xcassets */ = {isa = PBXFileReference; lastKnownFileType = folder.assetcatalog; path = Assets.xcassets; sourceTree = "<group>"; };
		DDE9B244294075F000288F0F /* Preview Assets.xcassets */ = {isa = PBXFileReference; lastKnownFileType = folder.assetcatalog; path = "Preview Assets.xcassets"; sourceTree = "<group>"; };
		DDE9B24B2940764300288F0F /* Project description */ = {isa = PBXFileReference; lastKnownFileType = text; path = "Project description"; sourceTree = "<group>"; };
		DDE9B25229409B4000288F0F /* Resort.swift */ = {isa = PBXFileReference; lastKnownFileType = sourcecode.swift; path = Resort.swift; sourceTree = "<group>"; };
		DDE9B25429409C3F00288F0F /* Bundle-Decodable.swift */ = {isa = PBXFileReference; lastKnownFileType = sourcecode.swift; path = "Bundle-Decodable.swift"; sourceTree = "<group>"; };
/* End PBXFileReference section */

/* Begin PBXFrameworksBuildPhase section */
		DDE9B237294075EF00288F0F /* Frameworks */ = {
			isa = PBXFrameworksBuildPhase;
			buildActionMask = 2147483647;
			files = (
			);
			runOnlyForDeploymentPostprocessing = 0;
		};
/* End PBXFrameworksBuildPhase section */

/* Begin PBXGroup section */
		DDE9B231294075EF00288F0F = {
			isa = PBXGroup;
			children = (
				DDE9B23C294075EF00288F0F /* SnowSeeker */,
				DDE9B23B294075EF00288F0F /* Products */,
			);
			sourceTree = "<group>";
		};
		DDE9B23B294075EF00288F0F /* Products */ = {
			isa = PBXGroup;
			children = (
				DDE9B23A294075EF00288F0F /* SnowSeeker.app */,
			);
			name = Products;
			sourceTree = "<group>";
		};
		DDE9B23C294075EF00288F0F /* SnowSeeker */ = {
			isa = PBXGroup;
			children = (
				DDA129552940BA650012C0E8 /* Info.plist */,
				DDE9B23D294075EF00288F0F /* SnowSeekerApp.swift */,
				DDE9B23F294075EF00288F0F /* ContentView.swift */,
				DDA1295C2940D30B0012C0E8 /* SkiDetailsView.swift */,
				DDA1295E2940D4B70012C0E8 /* ResortDetailsView.swift */,
				DDB9644D2941B42F00E32C21 /* Favorites.swift */,
				DDA129582940CBEC0012C0E8 /* Welcome.swift */,
				DDE9B25229409B4000288F0F /* Resort.swift */,
				DDB9644B2941B3D000E32C21 /* Facility.swift */,
				DDA1295A2940D0DC0012C0E8 /* ResortView.swift */,
				DDA129562940BB9C0012C0E8 /* resortss.json */,
				DDE9B25429409C3F00288F0F /* Bundle-Decodable.swift */,
				DDE9B24B2940764300288F0F /* Project description */,
				DDE9B241294075F000288F0F /* Assets.xcassets */,
				DDE9B243294075F000288F0F /* Preview Content */,
			);
			path = SnowSeeker;
			sourceTree = "<group>";
		};
		DDE9B243294075F000288F0F /* Preview Content */ = {
			isa = PBXGroup;
			children = (
				DDE9B244294075F000288F0F /* Preview Assets.xcassets */,
			);
			path = "Preview Content";
			sourceTree = "<group>";
		};
/* End PBXGroup section */

/* Begin PBXNativeTarget section */
		DDE9B239294075EF00288F0F /* SnowSeeker */ = {
			isa = PBXNativeTarget;
			buildConfigurationList = DDE9B248294075F000288F0F /* Build configuration list for PBXNativeTarget "SnowSeeker" */;
			buildPhases = (
				DDE9B236294075EF00288F0F /* Sources */,
				DDE9B237294075EF00288F0F /* Frameworks */,
				DDE9B238294075EF00288F0F /* Resources */,
			);
			buildRules = (
			);
			dependencies = (
			);
			name = SnowSeeker;
			productName = SnowSeeker;
			productReference = DDE9B23A294075EF00288F0F /* SnowSeeker.app */;
			productType = "com.apple.product-type.application";
		};
/* End PBXNativeTarget section */

/* Begin PBXProject section */
		DDE9B232294075EF00288F0F /* Project object */ = {
			isa = PBXProject;
			attributes = {
				BuildIndependentTargetsInParallel = 1;
				LastSwiftUpdateCheck = 1300;
				LastUpgradeCheck = 1300;
				TargetAttributes = {
					DDE9B239294075EF00288F0F = {
						CreatedOnToolsVersion = 13.0;
					};
				};
			};
			buildConfigurationList = DDE9B235294075EF00288F0F /* Build configuration list for PBXProject "SnowSeeker" */;
			compatibilityVersion = "Xcode 13.0";
			developmentRegion = en;
			hasScannedForEncodings = 0;
			knownRegions = (
				en,
				Base,
			);
			mainGroup = DDE9B231294075EF00288F0F;
			productRefGroup = DDE9B23B294075EF00288F0F /* Products */;
			projectDirPath = "";
			projectRoot = "";
			targets = (
				DDE9B239294075EF00288F0F /* SnowSeeker */,
			);
		};
/* End PBXProject section */

/* Begin PBXResourcesBuildPhase section */
		DDE9B238294075EF00288F0F /* Resources */ = {
			isa = PBXResourcesBuildPhase;
			buildActionMask = 2147483647;
			files = (
				DDE9B245294075F000288F0F /* Preview Assets.xcassets in Resources */,
				DDE9B242294075F000288F0F /* Assets.xcassets in Resources */,
				DDA129572940BB9C0012C0E8 /* resortss.json in Resources */,
				DDE9B24C2940764300288F0F /* Project description in Resources */,
			);
			runOnlyForDeploymentPostprocessing = 0;
		};
/* End PBXResourcesBuildPhase section */

/* Begin PBXSourcesBuildPhase section */
		DDE9B236294075EF00288F0F /* Sources */ = {
			isa = PBXSourcesBuildPhase;
			buildActionMask = 2147483647;
			files = (
				DDE9B240294075EF00288F0F /* ContentView.swift in Sources */,
				DDA1295D2940D30B0012C0E8 /* SkiDetailsView.swift in Sources */,
				DDA1295F2940D4B70012C0E8 /* ResortDetailsView.swift in Sources */,
				DDB9644E2941B42F00E32C21 /* Favorites.swift in Sources */,
				DDB9644C2941B3D000E32C21 /* Facility.swift in Sources */,
				DDA129592940CBEC0012C0E8 /* Welcome.swift in Sources */,
				DDE9B25329409B4000288F0F /* Resort.swift in Sources */,
				DDA1295B2940D0DC0012C0E8 /* ResortView.swift in Sources */,
				DDE9B23E294075EF00288F0F /* SnowSeekerApp.swift in Sources */,
				DDE9B25529409C3F00288F0F /* Bundle-Decodable.swift in Sources */,
			);
			runOnlyForDeploymentPostprocessing = 0;
		};
/* End PBXSourcesBuildPhase section */

/* Begin XCBuildConfiguration section */
		DDE9B246294075F000288F0F /* Debug */ = {
			isa = XCBuildConfiguration;
			buildSettings = {
				ALWAYS_SEARCH_USER_PATHS = NO;
				CLANG_ANALYZER_NONNULL = YES;
				CLANG_ANALYZER_NUMBER_OBJECT_CONVERSION = YES_AGGRESSIVE;
				CLANG_CXX_LANGUAGE_STANDARD = "gnu++17";
				CLANG_CXX_LIBRARY = "libc++";
				CLANG_ENABLE_MODULES = YES;
				CLANG_ENABLE_OBJC_ARC = YES;
				CLANG_ENABLE_OBJC_WEAK = YES;
				CLANG_WARN_BLOCK_CAPTURE_AUTORELEASING = YES;
				CLANG_WARN_BOOL_CONVERSION = YES;
				CLANG_WARN_COMMA = YES;
				CLANG_WARN_CONSTANT_CONVERSION = YES;
				CLANG_WARN_DEPRECATED_OBJC_IMPLEMENTATIONS = YES;
				CLANG_WARN_DIRECT_OBJC_ISA_USAGE = YES_ERROR;
				CLANG_WARN_DOCUMENTATION_COMMENTS = YES;
				CLANG_WARN_EMPTY_BODY = YES;
				CLANG_WARN_ENUM_CONVERSION = YES;
				CLANG_WARN_INFINITE_RECURSION = YES;
				CLANG_WARN_INT_CONVERSION = YES;
				CLANG_WARN_NON_LITERAL_NULL_CONVERSION = YES;
				CLANG_WARN_OBJC_IMPLICIT_RETAIN_SELF = YES;
				CLANG_WARN_OBJC_LITERAL_CONVERSION = YES;
				CLANG_WARN_OBJC_ROOT_CLASS = YES_ERROR;
				CLANG_WARN_QUOTED_INCLUDE_IN_FRAMEWORK_HEADER = YES;
				CLANG_WARN_RANGE_LOOP_ANALYSIS = YES;
				CLANG_WARN_STRICT_PROTOTYPES = YES;
				CLANG_WARN_SUSPICIOUS_MOVE = YES;
				CLANG_WARN_UNGUARDED_AVAILABILITY = YES_AGGRESSIVE;
				CLANG_WARN_UNREACHABLE_CODE = YES;
				CLANG_WARN__DUPLICATE_METHOD_MATCH = YES;
				COPY_PHASE_STRIP = NO;
				DEBUG_INFORMATION_FORMAT = dwarf;
				ENABLE_STRICT_OBJC_MSGSEND = YES;
				ENABLE_TESTABILITY = YES;
				GCC_C_LANGUAGE_STANDARD = gnu11;
				GCC_DYNAMIC_NO_PIC = NO;
				GCC_NO_COMMON_BLOCKS = YES;
				GCC_OPTIMIZATION_LEVEL = 0;
				GCC_PREPROCESSOR_DEFINITIONS = (
					"DEBUG=1",
					"$(inherited)",
				);
				GCC_WARN_64_TO_32_BIT_CONVERSION = YES;
				GCC_WARN_ABOUT_RETURN_TYPE = YES_ERROR;
				GCC_WARN_UNDECLARED_SELECTOR = YES;
				GCC_WARN_UNINITIALIZED_AUTOS = YES_AGGRESSIVE;
				GCC_WARN_UNUSED_FUNCTION = YES;
				GCC_WARN_UNUSED_VARIABLE = YES;
				IPHONEOS_DEPLOYMENT_TARGET = 15.0;
				MTL_ENABLE_DEBUG_INFO = INCLUDE_SOURCE;
				MTL_FAST_MATH = YES;
				ONLY_ACTIVE_ARCH = YES;
				SDKROOT = iphoneos;
				SWIFT_ACTIVE_COMPILATION_CONDITIONS = DEBUG;
				SWIFT_OPTIMIZATION_LEVEL = "-Onone";
			};
			name = Debug;
		};
		DDE9B247294075F000288F0F /* Release */ = {
			isa = XCBuildConfiguration;
			buildSettings = {
				ALWAYS_SEARCH_USER_PATHS = NO;
				CLANG_ANALYZER_NONNULL = YES;
				CLANG_ANALYZER_NUMBER_OBJECT_CONVERSION = YES_AGGRESSIVE;
				CLANG_CXX_LANGUAGE_STANDARD = "gnu++17";
				CLANG_CXX_LIBRARY = "libc++";
				CLANG_ENABLE_MODULES = YES;
				CLANG_ENABLE_OBJC_ARC = YES;
				CLANG_ENABLE_OBJC_WEAK = YES;
				CLANG_WARN_BLOCK_CAPTURE_AUTORELEASING = YES;
				CLANG_WARN_BOOL_CONVERSION = YES;
				CLANG_WARN_COMMA = YES;
				CLANG_WARN_CONSTANT_CONVERSION = YES;
				CLANG_WARN_DEPRECATED_OBJC_IMPLEMENTATIONS = YES;
				CLANG_WARN_DIRECT_OBJC_ISA_USAGE = YES_ERROR;
				CLANG_WARN_DOCUMENTATION_COMMENTS = YES;
				CLANG_WARN_EMPTY_BODY = YES;
				CLANG_WARN_ENUM_CONVERSION = YES;
				CLANG_WARN_INFINITE_RECURSION = YES;
				CLANG_WARN_INT_CONVERSION = YES;
				CLANG_WARN_NON_LITERAL_NULL_CONVERSION = YES;
				CLANG_WARN_OBJC_IMPLICIT_RETAIN_SELF = YES;
				CLANG_WARN_OBJC_LITERAL_CONVERSION = YES;
				CLANG_WARN_OBJC_ROOT_CLASS = YES_ERROR;
				CLANG_WARN_QUOTED_INCLUDE_IN_FRAMEWORK_HEADER = YES;
				CLANG_WARN_RANGE_LOOP_ANALYSIS = YES;
				CLANG_WARN_STRICT_PROTOTYPES = YES;
				CLANG_WARN_SUSPICIOUS_MOVE = YES;
				CLANG_WARN_UNGUARDED_AVAILABILITY = YES_AGGRESSIVE;
				CLANG_WARN_UNREACHABLE_CODE = YES;
				CLANG_WARN__DUPLICATE_METHOD_MATCH = YES;
				COPY_PHASE_STRIP = NO;
				DEBUG_INFORMATION_FORMAT = "dwarf-with-dsym";
				ENABLE_NS_ASSERTIONS = NO;
				ENABLE_STRICT_OBJC_MSGSEND = YES;
				GCC_C_LANGUAGE_STANDARD = gnu11;
				GCC_NO_COMMON_BLOCKS = YES;
				GCC_WARN_64_TO_32_BIT_CONVERSION = YES;
				GCC_WARN_ABOUT_RETURN_TYPE = YES_ERROR;
				GCC_WARN_UNDECLARED_SELECTOR = YES;
				GCC_WARN_UNINITIALIZED_AUTOS = YES_AGGRESSIVE;
				GCC_WARN_UNUSED_FUNCTION = YES;
				GCC_WARN_UNUSED_VARIABLE = YES;
				IPHONEOS_DEPLOYMENT_TARGET = 15.0;
				MTL_ENABLE_DEBUG_INFO = NO;
				MTL_FAST_MATH = YES;
				SDKROOT = iphoneos;
				SWIFT_COMPILATION_MODE = wholemodule;
				SWIFT_OPTIMIZATION_LEVEL = "-O";
				VALIDATE_PRODUCT = YES;
			};
			name = Release;
		};
		DDE9B249294075F000288F0F /* Debug */ = {
			isa = XCBuildConfiguration;
			buildSettings = {
				ASSETCATALOG_COMPILER_APPICON_NAME = AppIcon;
				ASSETCATALOG_COMPILER_GLOBAL_ACCENT_COLOR_NAME = AccentColor;
				CODE_SIGN_STYLE = Automatic;
				CURRENT_PROJECT_VERSION = 1;
				DEVELOPMENT_ASSET_PATHS = "\"SnowSeeker/Preview Content\"";
				ENABLE_PREVIEWS = YES;
				GENERATE_INFOPLIST_FILE = YES;
				INFOPLIST_FILE = SnowSeeker/Info.plist;
				INFOPLIST_KEY_UIApplicationSceneManifest_Generation = YES;
				INFOPLIST_KEY_UIApplicationSupportsIndirectInputEvents = YES;
				INFOPLIST_KEY_UILaunchScreen_Generation = YES;
				INFOPLIST_KEY_UISupportedInterfaceOrientations_iPad = "UIInterfaceOrientationPortrait UIInterfaceOrientationPortraitUpsideDown UIInterfaceOrientationLandscapeLeft UIInterfaceOrientationLandscapeRight";
				INFOPLIST_KEY_UISupportedInterfaceOrientations_iPhone = "UIInterfaceOrientationPortrait UIInterfaceOrientationLandscapeLeft UIInterfaceOrientationLandscapeRight";
				IPHONEOS_DEPLOYMENT_TARGET = 15.0;
				LD_RUNPATH_SEARCH_PATHS = (
					"$(inherited)",
					"@executable_path/Frameworks",
				);
				MARKETING_VERSION = 1.0;
				PRODUCT_BUNDLE_IDENTIFIER = com.SelfLearningPath.SnowSeeker;
				PRODUCT_NAME = "$(TARGET_NAME)";
				SWIFT_EMIT_LOC_STRINGS = YES;
				SWIFT_VERSION = 5.0;
				TARGETED_DEVICE_FAMILY = "1,2";
			};
			name = Debug;
		};
		DDE9B24A294075F000288F0F /* Release */ = {
			isa = XCBuildConfiguration;
			buildSettings = {
				ASSETCATALOG_COMPILER_APPICON_NAME = AppIcon;
				ASSETCATALOG_COMPILER_GLOBAL_ACCENT_COLOR_NAME = AccentColor;
				CODE_SIGN_STYLE = Automatic;
				CURRENT_PROJECT_VERSION = 1;
				DEVELOPMENT_ASSET_PATHS = "\"SnowSeeker/Preview Content\"";
				ENABLE_PREVIEWS = YES;
				GENERATE_INFOPLIST_FILE = YES;
				INFOPLIST_FILE = SnowSeeker/Info.plist;
				INFOPLIST_KEY_UIApplicationSceneManifest_Generation = YES;
				INFOPLIST_KEY_UIApplicationSupportsIndirectInputEvents = YES;
				INFOPLIST_KEY_UILaunchScreen_Generation = YES;
				INFOPLIST_KEY_UISupportedInterfaceOrientations_iPad = "UIInterfaceOrientationPortrait UIInterfaceOrientationPortraitUpsideDown UIInterfaceOrientationLandscapeLeft UIInterfaceOrientationLandscapeRight";
				INFOPLIST_KEY_UISupportedInterfaceOrientations_iPhone = "UIInterfaceOrientationPortrait UIInterfaceOrientationLandscapeLeft UIInterfaceOrientationLandscapeRight";
				IPHONEOS_DEPLOYMENT_TARGET = 15.0;
				LD_RUNPATH_SEARCH_PATHS = (
					"$(inherited)",
					"@executable_path/Frameworks",
				);
				MARKETING_VERSION = 1.0;
				PRODUCT_BUNDLE_IDENTIFIER = com.SelfLearningPath.SnowSeeker;
				PRODUCT_NAME = "$(TARGET_NAME)";
				SWIFT_EMIT_LOC_STRINGS = YES;
				SWIFT_VERSION = 5.0;
				TARGETED_DEVICE_FAMILY = "1,2";
			};
			name = Release;
		};
/* End XCBuildConfiguration section */

/* Begin XCConfigurationList section */
		DDE9B235294075EF00288F0F /* Build configuration list for PBXProject "SnowSeeker" */ = {
			isa = XCConfigurationList;
			buildConfigurations = (
				DDE9B246294075F000288F0F /* Debug */,
				DDE9B247294075F000288F0F /* Release */,
			);
			defaultConfigurationIsVisible = 0;
			defaultConfigurationName = Release;
		};
		DDE9B248294075F000288F0F /* Build configuration list for PBXNativeTarget "SnowSeeker" */ = {
			isa = XCConfigurationList;
			buildConfigurations = (
				DDE9B249294075F000288F0F /* Debug */,
				DDE9B24A294075F000288F0F /* Release */,
			);
			defaultConfigurationIsVisible = 0;
			defaultConfigurationName = Release;
		};
/* End XCConfigurationList section */
	};
	rootObject = DDE9B232294075EF00288F0F /* Project object */;
}
